// !$*UTF8*$!
{
	archiveVersion = 1;
	classes = {
	};
	objectVersion = 77;
	objects = {

/* Begin PBXBuildFile section */
		003AD2891A98AD71BAC07AA8 /* EventsView.swift in Sources */ = {isa = PBXBuildFile; fileRef = 9C9A262C367E9690FB5D8BF2 /* EventsView.swift */; };
		02AAD08FE0D16506A4F66C02 /* AuthGateView.swift in Sources */ = {isa = PBXBuildFile; fileRef = F9F009FA31C2D64E6C0463AD /* AuthGateView.swift */; };
		03B70C81FB38E8636867B61B /* RootView.swift in Sources */ = {isa = PBXBuildFile; fileRef = 7AB55DFF1B365D9C3E4EA27B /* RootView.swift */; };
		03C85A40AE7116FE774578B1 /* ViewMuckView.swift in Sources */ = {isa = PBXBuildFile; fileRef = C9AE63513E766A7DEBDD253A /* ViewMuckView.swift */; };
		09FD73F5CE3806CFA6341AEE /* AwarenessMapMarker.swift in Sources */ = {isa = PBXBuildFile; fileRef = 2A2E0E1A363992E35A3FD6FB /* AwarenessMapMarker.swift */; };
		0C32683227A9F89484467B59 /* NotificationService.swift in Sources */ = {isa = PBXBuildFile; fileRef = 352AFF936DA4E9C62F7376B5 /* NotificationService.swift */; };
		117FB8019BE5CC4FD510524F /* OnboardingView.swift in Sources */ = {isa = PBXBuildFile; fileRef = 23C3B99BF27711D8EBC4E3D3 /* OnboardingView.swift */; };
		12853CF997870A1D3EC801F9 /* MuckViewModel.swift in Sources */ = {isa = PBXBuildFile; fileRef = 6F78D0A959F52B15A35E2B1F /* MuckViewModel.swift */; };
		1928CE59946B9388D0A286D7 /* HelpRequestCard.swift in Sources */ = {isa = PBXBuildFile; fileRef = 289429F90BF35752C92D95A7 /* HelpRequestCard.swift */; };
		1ADD6A012E28944AEA17517E /* Partner.swift in Sources */ = {isa = PBXBuildFile; fileRef = 23E52903B99A781403A7CD32 /* Partner.swift */; };
		1BF5BA6F0C1B1EC68F7F851C /* HomeMiniMapView.swift in Sources */ = {isa = PBXBuildFile; fileRef = 5C9BA6E45986AFCA7FCDD6E2 /* HomeMiniMapView.swift */; };
		209F0C047DD6977FA33EF086 /* HelpView.swift in Sources */ = {isa = PBXBuildFile; fileRef = 90A910FF716602F8D53AFF16 /* HelpView.swift */; };
		222074DF393D3FDE09468072 /* MuckUpApp.swift in Sources */ = {isa = PBXBuildFile; fileRef = A231AF8AFCD3609BAA6D179D /* MuckUpApp.swift */; };
		2575BB2B761ABE31631419CC /* DesignTokens.swift in Sources */ = {isa = PBXBuildFile; fileRef = 1C12B9181C016426450F8CFF /* DesignTokens.swift */; };
		28BB28DB265A06B3DC4E1B7D /* AwarenessViewModel.swift in Sources */ = {isa = PBXBuildFile; fileRef = 4CD3E4402705B8A86C1532A9 /* AwarenessViewModel.swift */; };
		2B903AE0D2A005EE66BF9E3C /* ConfettiBurstView.swift in Sources */ = {isa = PBXBuildFile; fileRef = F3300094284A6263ECBBDAA6 /* ConfettiBurstView.swift */; };
		31B1CA5286B739BB30900EF9 /* ContentView.swift in Sources */ = {isa = PBXBuildFile; fileRef = BCF45738DDC0F8AEEF3C60DC /* ContentView.swift */; };
		331D780D57E9D5A2CB2969DA /* HelpViewModel.swift in Sources */ = {isa = PBXBuildFile; fileRef = 3E6513AD99C719D47586E88E /* HelpViewModel.swift */; };
		344B7A0F6EA8A59B0214E714 /* StampBadgeView.swift in Sources */ = {isa = PBXBuildFile; fileRef = 139BB5ED0AA8EE569DB25526 /* StampBadgeView.swift */; };
		34BFD69DD9FB92C5559C68BF /* MuckCardView.swift in Sources */ = {isa = PBXBuildFile; fileRef = B59E2C9895CEFD0B17F90B4B /* MuckCardView.swift */; };
		3A2AB350F514DE9C2CBAB16A /* LocationService.swift in Sources */ = {isa = PBXBuildFile; fileRef = A68CB2FF8089A24369F7A521 /* LocationService.swift */; };
		48A938EF6C6DC7DBA6A8CE25 /* EventWrapUpView.swift in Sources */ = {isa = PBXBuildFile; fileRef = E096F4AD480067C0E607F83D /* EventWrapUpView.swift */; };
		4D159D5D63C3E2C48231FA46 /* ProfileView.swift in Sources */ = {isa = PBXBuildFile; fileRef = 8AAC5F994776F115B6E7AE07 /* ProfileView.swift */; };
		4D93ABE7B2F224F9DD1B9D2B /* SplashView.swift in Sources */ = {isa = PBXBuildFile; fileRef = 9D0D6B3AB481B826B56DCD95 /* SplashView.swift */; };
		4E88A712709F2294BDD8F60C /* Assets.xcassets in Resources */ = {isa = PBXBuildFile; fileRef = AF3A5A0B75FA13C0BAA40334 /* Assets.xcassets */; };
		501FC1672ECFA500A5B3A81D /* TypeBadgeView.swift in Sources */ = {isa = PBXBuildFile; fileRef = 677E75E37C1C41678CE8A50A /* TypeBadgeView.swift */; };
		518CBED455A9BF2EC75C3E73 /* ScheduleEventView.swift in Sources */ = {isa = PBXBuildFile; fileRef = 9BB21888E0DD634338526D36 /* ScheduleEventView.swift */; };
		5AE27B81533AAF53FA16B58B /* TypeFilterBar.swift in Sources */ = {isa = PBXBuildFile; fileRef = 79B8079D8067CFF2013C2174 /* TypeFilterBar.swift */; };
		63132941BBB194FA1A479609 /* FindView.swift in Sources */ = {isa = PBXBuildFile; fileRef = CA063252DBC1328E556667A9 /* FindView.swift */; };
		6750A6FC845706972947F4D3 /* StorageService.swift in Sources */ = {isa = PBXBuildFile; fileRef = 7DC66CBC2FD20B89C0F193A1 /* StorageService.swift */; };
		675E1F01EB87983148E61629 /* LaunchScreen.storyboard in Resources */ = {isa = PBXBuildFile; fileRef = 09CF7D5D90EACBF809B6AF1D /* LaunchScreen.storyboard */; };
		752A0271EEF4B8849BB82637 /* AuthService.swift in Sources */ = {isa = PBXBuildFile; fileRef = 144120405C729ED3B97F8EC8 /* AuthService.swift */; };
		7B9BBEC53DEE1D9539E40245 /* HomeView.swift in Sources */ = {isa = PBXBuildFile; fileRef = E42870C0041768B846A66DF1 /* HomeView.swift */; };
		7ED01CCF8A64FC4BA3089882 /* EventViewModel.swift in Sources */ = {isa = PBXBuildFile; fileRef = AAC775A383F0883ED5F75A29 /* EventViewModel.swift */; };
		818EB0F5B39E564636091863 /* NearbyEventsSection.swift in Sources */ = {isa = PBXBuildFile; fileRef = 0C080C1524515E734DB21B4D /* NearbyEventsSection.swift */; };
		8CCB42C3576493D1D13D0AE1 /* MockData.swift in Sources */ = {isa = PBXBuildFile; fileRef = 632C2F91DD7B35B2A04BEB89 /* MockData.swift */; };
		8CD0E54F18E4E2C617B9AD91 /* PhotoPickerButton.swift in Sources */ = {isa = PBXBuildFile; fileRef = E56EBD830F6BAD8615BAC04D /* PhotoPickerButton.swift */; };
		9DF45C8629F11BCC6C38485F /* CloseMuckSheet.swift in Sources */ = {isa = PBXBuildFile; fileRef = ADC8024B54B25D5878D6A4A0 /* CloseMuckSheet.swift */; };
		A22933096E4ADD0CA76F339A /* RaiseMuckView.swift in Sources */ = {isa = PBXBuildFile; fileRef = 79841106617FFAF2DBEEB7C6 /* RaiseMuckView.swift */; };
		A453B70EC6E1FDA3250F1C5C /* GrowthPlantView.swift in Sources */ = {isa = PBXBuildFile; fileRef = 5CBE17945598E5D51FD3EED0 /* GrowthPlantView.swift */; };
		A9127DC7F5EA0F741C259B6D /* AwarenessItem.swift in Sources */ = {isa = PBXBuildFile; fileRef = FA679AA8B76525EF89D48E4D /* AwarenessItem.swift */; };
		A94B02A979415ACAE475E80E /* PrimaryButton.swift in Sources */ = {isa = PBXBuildFile; fileRef = 8204790B4A659E31ABDC9920 /* PrimaryButton.swift */; };
		A9BC1D841B397886994A4657 /* EmptyStateIllustration.swift in Sources */ = {isa = PBXBuildFile; fileRef = 980D7DEE51CF22535EDCD846 /* EmptyStateIllustration.swift */; };
		ABDA78FAD5F51163EAA8ADD1 /* HelpRequestDetailView.swift in Sources */ = {isa = PBXBuildFile; fileRef = 6C2FC839CB99FD0EAD815C2F /* HelpRequestDetailView.swift */; };
		AE358C916A5B13C3D0FA67F7 /* HelpRequest.swift in Sources */ = {isa = PBXBuildFile; fileRef = 1A4922B1A8934CCF066F638A /* HelpRequest.swift */; };
		B5A5102A881834F11F410018 /* AskForHelpView.swift in Sources */ = {isa = PBXBuildFile; fileRef = B6A85B785407C09EC464806B /* AskForHelpView.swift */; };
		B901F9D785BBC96FC5853173 /* WaterwaySafetyService.swift in Sources */ = {isa = PBXBuildFile; fileRef = AE2F46CD1DC640BDE694CA72 /* WaterwaySafetyService.swift */; };
		BB0D812482C336D08F11EBC6 /* AddToEventSheet.swift in Sources */ = {isa = PBXBuildFile; fileRef = DDB7C2114E3847FEBAE6B5B3 /* AddToEventSheet.swift */; };
		BD187811AF5BF7E23CD8DCF4 /* EventLiveView.swift in Sources */ = {isa = PBXBuildFile; fileRef = 7B986405B5BABD48CAD63D7E /* EventLiveView.swift */; };
		C3AEDBFD3F194F4CB06C5621 /* AnimalComplaintsService.swift in Sources */ = {isa = PBXBuildFile; fileRef = 9DCA225904002DF953C5D8CA /* AnimalComplaintsService.swift */; };
		D5ACD10D9019DBD60DC01307 /* VoteColumnView.swift in Sources */ = {isa = PBXBuildFile; fileRef = 6F1E83310AF223CD36FB390D /* VoteColumnView.swift */; };
		DFBF21BE9BFA3A3E9FC1B730 /* MapViewScreen.swift in Sources */ = {isa = PBXBuildFile; fileRef = A75924861FE271F11D81B905 /* MapViewScreen.swift */; };
		EAAFF076663A850C5D6808BC /* MuckMiniMapView.swift in Sources */ = {isa = PBXBuildFile; fileRef = 87D6B190F2F6105F50AB0C87 /* MuckMiniMapView.swift */; };
		EB0D0A13E1C675C022C09EA3 /* User.swift in Sources */ = {isa = PBXBuildFile; fileRef = 43D30E409F88B8591FA4F094 /* User.swift */; };
		F58484A156015E6669190F7A /* MuckEvent.swift in Sources */ = {isa = PBXBuildFile; fileRef = 2A0FAEAE3DEFD169BDA719CA /* MuckEvent.swift */; };
		F7014BC8E402EBEF438A43C9 /* Muck.swift in Sources */ = {isa = PBXBuildFile; fileRef = 90AB05B21CBFCB7E71B4E85D /* Muck.swift */; };
		FD914D99BFDBEAC45BC75A55 /* BrisbaneEventsService.swift in Sources */ = {isa = PBXBuildFile; fileRef = 9D95467E9EB25443B7AAB0E5 /* BrisbaneEventsService.swift */; };
		FDAC794A2F0E144659CEFE1A /* PartnerViewModel.swift in Sources */ = {isa = PBXBuildFile; fileRef = F52CFF95C2FBC5851A20F18F /* PartnerViewModel.swift */; };
/* End PBXBuildFile section */

/* Begin PBXFileReference section */
		09CF7D5D90EACBF809B6AF1D /* LaunchScreen.storyboard */ = {isa = PBXFileReference; lastKnownFileType = file.storyboard; path = LaunchScreen.storyboard; sourceTree = "<group>"; };
		0C080C1524515E734DB21B4D /* NearbyEventsSection.swift */ = {isa = PBXFileReference; lastKnownFileType = sourcecode.swift; path = NearbyEventsSection.swift; sourceTree = "<group>"; };
		139BB5ED0AA8EE569DB25526 /* StampBadgeView.swift */ = {isa = PBXFileReference; lastKnownFileType = sourcecode.swift; path = StampBadgeView.swift; sourceTree = "<group>"; };
		144120405C729ED3B97F8EC8 /* AuthService.swift */ = {isa = PBXFileReference; lastKnownFileType = sourcecode.swift; path = AuthService.swift; sourceTree = "<group>"; };
		1A4922B1A8934CCF066F638A /* HelpRequest.swift */ = {isa = PBXFileReference; lastKnownFileType = sourcecode.swift; path = HelpRequest.swift; sourceTree = "<group>"; };
		1C12B9181C016426450F8CFF /* DesignTokens.swift */ = {isa = PBXFileReference; lastKnownFileType = sourcecode.swift; path = DesignTokens.swift; sourceTree = "<group>"; };
		23C3B99BF27711D8EBC4E3D3 /* OnboardingView.swift */ = {isa = PBXFileReference; lastKnownFileType = sourcecode.swift; path = OnboardingView.swift; sourceTree = "<group>"; };
		23E52903B99A781403A7CD32 /* Partner.swift */ = {isa = PBXFileReference; lastKnownFileType = sourcecode.swift; path = Partner.swift; sourceTree = "<group>"; };
		289429F90BF35752C92D95A7 /* HelpRequestCard.swift */ = {isa = PBXFileReference; lastKnownFileType = sourcecode.swift; path = HelpRequestCard.swift; sourceTree = "<group>"; };
		2A0FAEAE3DEFD169BDA719CA /* MuckEvent.swift */ = {isa = PBXFileReference; lastKnownFileType = sourcecode.swift; path = MuckEvent.swift; sourceTree = "<group>"; };
		2A2E0E1A363992E35A3FD6FB /* AwarenessMapMarker.swift */ = {isa = PBXFileReference; lastKnownFileType = sourcecode.swift; path = AwarenessMapMarker.swift; sourceTree = "<group>"; };
		352AFF936DA4E9C62F7376B5 /* NotificationService.swift */ = {isa = PBXFileReference; lastKnownFileType = sourcecode.swift; path = NotificationService.swift; sourceTree = "<group>"; };
		3D099E6959C84BE3875D39EF /* Info.plist */ = {isa = PBXFileReference; lastKnownFileType = text.plist; path = Info.plist; sourceTree = "<group>"; };
		3E6513AD99C719D47586E88E /* HelpViewModel.swift */ = {isa = PBXFileReference; lastKnownFileType = sourcecode.swift; path = HelpViewModel.swift; sourceTree = "<group>"; };
		43D30E409F88B8591FA4F094 /* User.swift */ = {isa = PBXFileReference; lastKnownFileType = sourcecode.swift; path = User.swift; sourceTree = "<group>"; };
		4CD3E4402705B8A86C1532A9 /* AwarenessViewModel.swift */ = {isa = PBXFileReference; lastKnownFileType = sourcecode.swift; path = AwarenessViewModel.swift; sourceTree = "<group>"; };
		524765881669E99862203E85 /* Grub.app */ = {isa = PBXFileReference; includeInIndex = 0; lastKnownFileType = wrapper.application; path = Grub.app; sourceTree = BUILT_PRODUCTS_DIR; };
		5C9BA6E45986AFCA7FCDD6E2 /* HomeMiniMapView.swift */ = {isa = PBXFileReference; lastKnownFileType = sourcecode.swift; path = HomeMiniMapView.swift; sourceTree = "<group>"; };
		5CBE17945598E5D51FD3EED0 /* GrowthPlantView.swift */ = {isa = PBXFileReference; lastKnownFileType = sourcecode.swift; path = GrowthPlantView.swift; sourceTree = "<group>"; };
		632C2F91DD7B35B2A04BEB89 /* MockData.swift */ = {isa = PBXFileReference; lastKnownFileType = sourcecode.swift; path = MockData.swift; sourceTree = "<group>"; };
		677E75E37C1C41678CE8A50A /* TypeBadgeView.swift */ = {isa = PBXFileReference; lastKnownFileType = sourcecode.swift; path = TypeBadgeView.swift; sourceTree = "<group>"; };
		6C2FC839CB99FD0EAD815C2F /* HelpRequestDetailView.swift */ = {isa = PBXFileReference; lastKnownFileType = sourcecode.swift; path = HelpRequestDetailView.swift; sourceTree = "<group>"; };
		6F1E83310AF223CD36FB390D /* VoteColumnView.swift */ = {isa = PBXFileReference; lastKnownFileType = sourcecode.swift; path = VoteColumnView.swift; sourceTree = "<group>"; };
		6F78D0A959F52B15A35E2B1F /* MuckViewModel.swift */ = {isa = PBXFileReference; lastKnownFileType = sourcecode.swift; path = MuckViewModel.swift; sourceTree = "<group>"; };
		79841106617FFAF2DBEEB7C6 /* RaiseMuckView.swift */ = {isa = PBXFileReference; lastKnownFileType = sourcecode.swift; path = RaiseMuckView.swift; sourceTree = "<group>"; };
		79B8079D8067CFF2013C2174 /* TypeFilterBar.swift */ = {isa = PBXFileReference; lastKnownFileType = sourcecode.swift; path = TypeFilterBar.swift; sourceTree = "<group>"; };
		7AB55DFF1B365D9C3E4EA27B /* RootView.swift */ = {isa = PBXFileReference; lastKnownFileType = sourcecode.swift; path = RootView.swift; sourceTree = "<group>"; };
		7B986405B5BABD48CAD63D7E /* EventLiveView.swift */ = {isa = PBXFileReference; lastKnownFileType = sourcecode.swift; path = EventLiveView.swift; sourceTree = "<group>"; };
		7DC66CBC2FD20B89C0F193A1 /* StorageService.swift */ = {isa = PBXFileReference; lastKnownFileType = sourcecode.swift; path = StorageService.swift; sourceTree = "<group>"; };
		8204790B4A659E31ABDC9920 /* PrimaryButton.swift */ = {isa = PBXFileReference; lastKnownFileType = sourcecode.swift; path = PrimaryButton.swift; sourceTree = "<group>"; };
		87D6B190F2F6105F50AB0C87 /* MuckMiniMapView.swift */ = {isa = PBXFileReference; lastKnownFileType = sourcecode.swift; path = MuckMiniMapView.swift; sourceTree = "<group>"; };
		8AAC5F994776F115B6E7AE07 /* ProfileView.swift */ = {isa = PBXFileReference; lastKnownFileType = sourcecode.swift; path = ProfileView.swift; sourceTree = "<group>"; };
		90A910FF716602F8D53AFF16 /* HelpView.swift */ = {isa = PBXFileReference; lastKnownFileType = sourcecode.swift; path = HelpView.swift; sourceTree = "<group>"; };
		90AB05B21CBFCB7E71B4E85D /* Muck.swift */ = {isa = PBXFileReference; lastKnownFileType = sourcecode.swift; path = Muck.swift; sourceTree = "<group>"; };
		980D7DEE51CF22535EDCD846 /* EmptyStateIllustration.swift */ = {isa = PBXFileReference; lastKnownFileType = sourcecode.swift; path = EmptyStateIllustration.swift; sourceTree = "<group>"; };
		9BB21888E0DD634338526D36 /* ScheduleEventView.swift */ = {isa = PBXFileReference; lastKnownFileType = sourcecode.swift; path = ScheduleEventView.swift; sourceTree = "<group>"; };
		9C9A262C367E9690FB5D8BF2 /* EventsView.swift */ = {isa = PBXFileReference; lastKnownFileType = sourcecode.swift; path = EventsView.swift; sourceTree = "<group>"; };
		9D0D6B3AB481B826B56DCD95 /* SplashView.swift */ = {isa = PBXFileReference; lastKnownFileType = sourcecode.swift; path = SplashView.swift; sourceTree = "<group>"; };
		9D95467E9EB25443B7AAB0E5 /* BrisbaneEventsService.swift */ = {isa = PBXFileReference; lastKnownFileType = sourcecode.swift; path = BrisbaneEventsService.swift; sourceTree = "<group>"; };
		9DCA225904002DF953C5D8CA /* AnimalComplaintsService.swift */ = {isa = PBXFileReference; lastKnownFileType = sourcecode.swift; path = AnimalComplaintsService.swift; sourceTree = "<group>"; };
		A231AF8AFCD3609BAA6D179D /* MuckUpApp.swift */ = {isa = PBXFileReference; lastKnownFileType = sourcecode.swift; path = MuckUpApp.swift; sourceTree = "<group>"; };
		A68CB2FF8089A24369F7A521 /* LocationService.swift */ = {isa = PBXFileReference; lastKnownFileType = sourcecode.swift; path = LocationService.swift; sourceTree = "<group>"; };
		A75924861FE271F11D81B905 /* MapViewScreen.swift */ = {isa = PBXFileReference; lastKnownFileType = sourcecode.swift; path = MapViewScreen.swift; sourceTree = "<group>"; };
		AAC775A383F0883ED5F75A29 /* EventViewModel.swift */ = {isa = PBXFileReference; lastKnownFileType = sourcecode.swift; path = EventViewModel.swift; sourceTree = "<group>"; };
		ADC8024B54B25D5878D6A4A0 /* CloseMuckSheet.swift */ = {isa = PBXFileReference; lastKnownFileType = sourcecode.swift; path = CloseMuckSheet.swift; sourceTree = "<group>"; };
		AE2F46CD1DC640BDE694CA72 /* WaterwaySafetyService.swift */ = {isa = PBXFileReference; lastKnownFileType = sourcecode.swift; path = WaterwaySafetyService.swift; sourceTree = "<group>"; };
		AF3A5A0B75FA13C0BAA40334 /* Assets.xcassets */ = {isa = PBXFileReference; lastKnownFileType = folder.assetcatalog; path = Assets.xcassets; sourceTree = "<group>"; };
		B59E2C9895CEFD0B17F90B4B /* MuckCardView.swift */ = {isa = PBXFileReference; lastKnownFileType = sourcecode.swift; path = MuckCardView.swift; sourceTree = "<group>"; };
		B6A85B785407C09EC464806B /* AskForHelpView.swift */ = {isa = PBXFileReference; lastKnownFileType = sourcecode.swift; path = AskForHelpView.swift; sourceTree = "<group>"; };
		BCF45738DDC0F8AEEF3C60DC /* ContentView.swift */ = {isa = PBXFileReference; lastKnownFileType = sourcecode.swift; path = ContentView.swift; sourceTree = "<group>"; };
		C9AE63513E766A7DEBDD253A /* ViewMuckView.swift */ = {isa = PBXFileReference; lastKnownFileType = sourcecode.swift; path = ViewMuckView.swift; sourceTree = "<group>"; };
		CA063252DBC1328E556667A9 /* FindView.swift */ = {isa = PBXFileReference; lastKnownFileType = sourcecode.swift; path = FindView.swift; sourceTree = "<group>"; };
		DDB7C2114E3847FEBAE6B5B3 /* AddToEventSheet.swift */ = {isa = PBXFileReference; lastKnownFileType = sourcecode.swift; path = AddToEventSheet.swift; sourceTree = "<group>"; };
		E096F4AD480067C0E607F83D /* EventWrapUpView.swift */ = {isa = PBXFileReference; lastKnownFileType = sourcecode.swift; path = EventWrapUpView.swift; sourceTree = "<group>"; };
		E42870C0041768B846A66DF1 /* HomeView.swift */ = {isa = PBXFileReference; lastKnownFileType = sourcecode.swift; path = HomeView.swift; sourceTree = "<group>"; };
		E56EBD830F6BAD8615BAC04D /* PhotoPickerButton.swift */ = {isa = PBXFileReference; lastKnownFileType = sourcecode.swift; path = PhotoPickerButton.swift; sourceTree = "<group>"; };
		F3300094284A6263ECBBDAA6 /* ConfettiBurstView.swift */ = {isa = PBXFileReference; lastKnownFileType = sourcecode.swift; path = ConfettiBurstView.swift; sourceTree = "<group>"; };
		F52CFF95C2FBC5851A20F18F /* PartnerViewModel.swift */ = {isa = PBXFileReference; lastKnownFileType = sourcecode.swift; path = PartnerViewModel.swift; sourceTree = "<group>"; };
		F9F009FA31C2D64E6C0463AD /* AuthGateView.swift */ = {isa = PBXFileReference; lastKnownFileType = sourcecode.swift; path = AuthGateView.swift; sourceTree = "<group>"; };
		FA679AA8B76525EF89D48E4D /* AwarenessItem.swift */ = {isa = PBXFileReference; lastKnownFileType = sourcecode.swift; path = AwarenessItem.swift; sourceTree = "<group>"; };
		FB6D04C010DD4E408FD8B73C /* Grub.entitlements */ = {isa = PBXFileReference; lastKnownFileType = text.plist.entitlements; path = Grub.entitlements; sourceTree = "<group>"; };
/* End PBXFileReference section */

/* Begin PBXGroup section */
		0BA3A0E5E17CFE860301A8A3 /* RaiseMuck */ = {
			isa = PBXGroup;
			children = (
				79841106617FFAF2DBEEB7C6 /* RaiseMuckView.swift */,
			);
			path = RaiseMuck;
			sourceTree = "<group>";
		};
		1126E8AED5FC67B61DB0A419 /* Help */ = {
			isa = PBXGroup;
			children = (
				B6A85B785407C09EC464806B /* AskForHelpView.swift */,
				289429F90BF35752C92D95A7 /* HelpRequestCard.swift */,
				6C2FC839CB99FD0EAD815C2F /* HelpRequestDetailView.swift */,
				90A910FF716602F8D53AFF16 /* HelpView.swift */,
			);
			path = Help;
			sourceTree = "<group>";
		};
		130EAA8EAD43D39939BC67F3 /* App */ = {
			isa = PBXGroup;
			children = (
				BCF45738DDC0F8AEEF3C60DC /* ContentView.swift */,
				A231AF8AFCD3609BAA6D179D /* MuckUpApp.swift */,
				7AB55DFF1B365D9C3E4EA27B /* RootView.swift */,
			);
			path = App;
			sourceTree = "<group>";
		};
		1388696059E0FDF36F5CEFF2 /* Services */ = {
			isa = PBXGroup;
			children = (
				9DCA225904002DF953C5D8CA /* AnimalComplaintsService.swift */,
				144120405C729ED3B97F8EC8 /* AuthService.swift */,
				9D95467E9EB25443B7AAB0E5 /* BrisbaneEventsService.swift */,
				A68CB2FF8089A24369F7A521 /* LocationService.swift */,
				352AFF936DA4E9C62F7376B5 /* NotificationService.swift */,
				7DC66CBC2FD20B89C0F193A1 /* StorageService.swift */,
				AE2F46CD1DC640BDE694CA72 /* WaterwaySafetyService.swift */,
			);
			path = Services;
			sourceTree = "<group>";
		};
		1B59CCA1170C1C8B74A7E68A /* Find */ = {
			isa = PBXGroup;
			children = (
				CA063252DBC1328E556667A9 /* FindView.swift */,
			);
			path = Find;
			sourceTree = "<group>";
		};
		239A2D63F5F07CE0217CE4C6 /* Onboarding */ = {
			isa = PBXGroup;
			children = (
				23C3B99BF27711D8EBC4E3D3 /* OnboardingView.swift */,
				9D0D6B3AB481B826B56DCD95 /* SplashView.swift */,
			);
			path = Onboarding;
			sourceTree = "<group>";
		};
		29EAD4BDB60F09FA0241EE53 /* Map */ = {
			isa = PBXGroup;
			children = (
				A75924861FE271F11D81B905 /* MapViewScreen.swift */,
			);
			path = Map;
			sourceTree = "<group>";
		};
		2CB0C680245A3F0FE89A6ECD /* ViewModels */ = {
			isa = PBXGroup;
			children = (
				4CD3E4402705B8A86C1532A9 /* AwarenessViewModel.swift */,
				AAC775A383F0883ED5F75A29 /* EventViewModel.swift */,
				3E6513AD99C719D47586E88E /* HelpViewModel.swift */,
				6F78D0A959F52B15A35E2B1F /* MuckViewModel.swift */,
				F52CFF95C2FBC5851A20F18F /* PartnerViewModel.swift */,
			);
			path = ViewModels;
			sourceTree = "<group>";
		};
		40A8ED5FF12B8F12727DB961 /* Products */ = {
			isa = PBXGroup;
			children = (
				524765881669E99862203E85 /* Grub.app */,
			);
			name = Products;
			sourceTree = "<group>";
		};
		51E64E1DC881F4298E8BB10E = {
			isa = PBXGroup;
			children = (
				71AE4C2B05BB14DC4C552A6F /* MuckUp */,
				40A8ED5FF12B8F12727DB961 /* Products */,
			);
			sourceTree = "<group>";
		};
		6463E1416618E49C7A28B7DC /* Events */ = {
			isa = PBXGroup;
			children = (
				DDB7C2114E3847FEBAE6B5B3 /* AddToEventSheet.swift */,
				7B986405B5BABD48CAD63D7E /* EventLiveView.swift */,
				9C9A262C367E9690FB5D8BF2 /* EventsView.swift */,
				E096F4AD480067C0E607F83D /* EventWrapUpView.swift */,
				9BB21888E0DD634338526D36 /* ScheduleEventView.swift */,
			);
			path = Events;
			sourceTree = "<group>";
		};
		65AD3DA3E582D6955C7D8904 /* Home */ = {
			isa = PBXGroup;
			children = (
				5C9BA6E45986AFCA7FCDD6E2 /* HomeMiniMapView.swift */,
				E42870C0041768B846A66DF1 /* HomeView.swift */,
				B59E2C9895CEFD0B17F90B4B /* MuckCardView.swift */,
				0C080C1524515E734DB21B4D /* NearbyEventsSection.swift */,
			);
			path = Home;
			sourceTree = "<group>";
		};
		71AE4C2B05BB14DC4C552A6F /* MuckUp */ = {
			isa = PBXGroup;
			children = (
				FB6D04C010DD4E408FD8B73C /* Grub.entitlements */,
				3D099E6959C84BE3875D39EF /* Info.plist */,
				130EAA8EAD43D39939BC67F3 /* App */,
				F8BA4331F75CF3277AB32901 /* Design */,
				A161BB2BD4CE69CF1398B4E8 /* Mock */,
				BDBD4F4238FBF86C30C3DFC8 /* Models */,
				D174CEC6FEFF3AF6B965DEFC /* Resources */,
				1388696059E0FDF36F5CEFF2 /* Services */,
				2CB0C680245A3F0FE89A6ECD /* ViewModels */,
				A710969163A5A432D095CB40 /* Views */,
			);
			path = MuckUp;
			sourceTree = "<group>";
		};
		A161BB2BD4CE69CF1398B4E8 /* Mock */ = {
			isa = PBXGroup;
			children = (
				632C2F91DD7B35B2A04BEB89 /* MockData.swift */,
			);
			path = Mock;
			sourceTree = "<group>";
		};
		A710969163A5A432D095CB40 /* Views */ = {
			isa = PBXGroup;
			children = (
				B9306A89371A95A43B5A8D56 /* Auth */,
				6463E1416618E49C7A28B7DC /* Events */,
				1B59CCA1170C1C8B74A7E68A /* Find */,
				1126E8AED5FC67B61DB0A419 /* Help */,
				65AD3DA3E582D6955C7D8904 /* Home */,
				29EAD4BDB60F09FA0241EE53 /* Map */,
				239A2D63F5F07CE0217CE4C6 /* Onboarding */,
				AC7FB55EA6D9421464DA129C /* Profile */,
				0BA3A0E5E17CFE860301A8A3 /* RaiseMuck */,
				E1BC783966403709474C9E99 /* Shared */,
				F6E580EECF1FBECA0DCEEA5C /* ViewMuck */,
			);
			path = Views;
			sourceTree = "<group>";
		};
		AC7FB55EA6D9421464DA129C /* Profile */ = {
			isa = PBXGroup;
			children = (
				8AAC5F994776F115B6E7AE07 /* ProfileView.swift */,
			);
			path = Profile;
			sourceTree = "<group>";
		};
		B9306A89371A95A43B5A8D56 /* Auth */ = {
			isa = PBXGroup;
			children = (
				F9F009FA31C2D64E6C0463AD /* AuthGateView.swift */,
			);
			path = Auth;
			sourceTree = "<group>";
		};
		BDBD4F4238FBF86C30C3DFC8 /* Models */ = {
			isa = PBXGroup;
			children = (
				FA679AA8B76525EF89D48E4D /* AwarenessItem.swift */,
				1A4922B1A8934CCF066F638A /* HelpRequest.swift */,
				90AB05B21CBFCB7E71B4E85D /* Muck.swift */,
				2A0FAEAE3DEFD169BDA719CA /* MuckEvent.swift */,
				23E52903B99A781403A7CD32 /* Partner.swift */,
				43D30E409F88B8591FA4F094 /* User.swift */,
			);
			path = Models;
			sourceTree = "<group>";
		};
		D174CEC6FEFF3AF6B965DEFC /* Resources */ = {
			isa = PBXGroup;
			children = (
				AF3A5A0B75FA13C0BAA40334 /* Assets.xcassets */,
				09CF7D5D90EACBF809B6AF1D /* LaunchScreen.storyboard */,
			);
			path = Resources;
			sourceTree = "<group>";
		};
		E1BC783966403709474C9E99 /* Shared */ = {
			isa = PBXGroup;
			children = (
				2A2E0E1A363992E35A3FD6FB /* AwarenessMapMarker.swift */,
				F3300094284A6263ECBBDAA6 /* ConfettiBurstView.swift */,
				980D7DEE51CF22535EDCD846 /* EmptyStateIllustration.swift */,
				5CBE17945598E5D51FD3EED0 /* GrowthPlantView.swift */,
				E56EBD830F6BAD8615BAC04D /* PhotoPickerButton.swift */,
				8204790B4A659E31ABDC9920 /* PrimaryButton.swift */,
				139BB5ED0AA8EE569DB25526 /* StampBadgeView.swift */,
				677E75E37C1C41678CE8A50A /* TypeBadgeView.swift */,
				79B8079D8067CFF2013C2174 /* TypeFilterBar.swift */,
				6F1E83310AF223CD36FB390D /* VoteColumnView.swift */,
			);
			path = Shared;
			sourceTree = "<group>";
		};
		F6E580EECF1FBECA0DCEEA5C /* ViewMuck */ = {
			isa = PBXGroup;
			children = (
				ADC8024B54B25D5878D6A4A0 /* CloseMuckSheet.swift */,
				87D6B190F2F6105F50AB0C87 /* MuckMiniMapView.swift */,
				C9AE63513E766A7DEBDD253A /* ViewMuckView.swift */,
			);
			path = ViewMuck;
			sourceTree = "<group>";
		};
		F8BA4331F75CF3277AB32901 /* Design */ = {
			isa = PBXGroup;
			children = (
				1C12B9181C016426450F8CFF /* DesignTokens.swift */,
			);
			path = Design;
			sourceTree = "<group>";
		};
/* End PBXGroup section */

/* Begin PBXNativeTarget section */
		66D2407C39762AE919A43A62 /* Grub */ = {
			isa = PBXNativeTarget;
			buildConfigurationList = 7A4A5F4FE5492A90C1A442B6 /* Build configuration list for PBXNativeTarget "Grub" */;
			buildPhases = (
				A43E0B11ABC97CDD586D8DD7 /* Sources */,
				9F5CCB8B7355A0FF28C169D1 /* Resources */,
			);
			buildRules = (
			);
			dependencies = (
			);
			name = Grub;
			packageProductDependencies = (
			);
			productName = Grub;
			productReference = 524765881669E99862203E85 /* Grub.app */;
			productType = "com.apple.product-type.application";
		};
/* End PBXNativeTarget section */

/* Begin PBXProject section */
		F7FF27E6295610017043F8A2 /* Project object */ = {
			isa = PBXProject;
			attributes = {
				BuildIndependentTargetsInParallel = YES;
				LastUpgradeCheck = 1500;
				TargetAttributes = {
					66D2407C39762AE919A43A62 = {
						DevelopmentTeam = L9SAXP2E2W;
						ProvisioningStyle = Automatic;
					};
				};
			};
			buildConfigurationList = 34091432C2522B05BDC466AC /* Build configuration list for PBXProject "Grub" */;
			developmentRegion = en;
			hasScannedForEncodings = 0;
			knownRegions = (
				Base,
				en,
			);
			mainGroup = 51E64E1DC881F4298E8BB10E;
			minimizedProjectReferenceProxies = 1;
			preferredProjectObjectVersion = 77;
			productRefGroup = 40A8ED5FF12B8F12727DB961 /* Products */;
			projectDirPath = "";
			projectRoot = "";
			targets = (
				66D2407C39762AE919A43A62 /* Grub */,
			);
		};
/* End PBXProject section */

/* Begin PBXResourcesBuildPhase section */
		9F5CCB8B7355A0FF28C169D1 /* Resources */ = {
			isa = PBXResourcesBuildPhase;
			buildActionMask = 2147483647;
			files = (
				4E88A712709F2294BDD8F60C /* Assets.xcassets in Resources */,
				675E1F01EB87983148E61629 /* LaunchScreen.storyboard in Resources */,
			);
			runOnlyForDeploymentPostprocessing = 0;
		};
/* End PBXResourcesBuildPhase section */

/* Begin PBXSourcesBuildPhase section */
		A43E0B11ABC97CDD586D8DD7 /* Sources */ = {
			isa = PBXSourcesBuildPhase;
			buildActionMask = 2147483647;
			files = (
				BB0D812482C336D08F11EBC6 /* AddToEventSheet.swift in Sources */,
				C3AEDBFD3F194F4CB06C5621 /* AnimalComplaintsService.swift in Sources */,
				B5A5102A881834F11F410018 /* AskForHelpView.swift in Sources */,
				02AAD08FE0D16506A4F66C02 /* AuthGateView.swift in Sources */,
				752A0271EEF4B8849BB82637 /* AuthService.swift in Sources */,
				A9127DC7F5EA0F741C259B6D /* AwarenessItem.swift in Sources */,
				09FD73F5CE3806CFA6341AEE /* AwarenessMapMarker.swift in Sources */,
				28BB28DB265A06B3DC4E1B7D /* AwarenessViewModel.swift in Sources */,
				FD914D99BFDBEAC45BC75A55 /* BrisbaneEventsService.swift in Sources */,
				9DF45C8629F11BCC6C38485F /* CloseMuckSheet.swift in Sources */,
				2B903AE0D2A005EE66BF9E3C /* ConfettiBurstView.swift in Sources */,
				31B1CA5286B739BB30900EF9 /* ContentView.swift in Sources */,
				2575BB2B761ABE31631419CC /* DesignTokens.swift in Sources */,
				A9BC1D841B397886994A4657 /* EmptyStateIllustration.swift in Sources */,
				BD187811AF5BF7E23CD8DCF4 /* EventLiveView.swift in Sources */,
				7ED01CCF8A64FC4BA3089882 /* EventViewModel.swift in Sources */,
				48A938EF6C6DC7DBA6A8CE25 /* EventWrapUpView.swift in Sources */,
				003AD2891A98AD71BAC07AA8 /* EventsView.swift in Sources */,
				63132941BBB194FA1A479609 /* FindView.swift in Sources */,
				A453B70EC6E1FDA3250F1C5C /* GrowthPlantView.swift in Sources */,
				AE358C916A5B13C3D0FA67F7 /* HelpRequest.swift in Sources */,
				1928CE59946B9388D0A286D7 /* HelpRequestCard.swift in Sources */,
				ABDA78FAD5F51163EAA8ADD1 /* HelpRequestDetailView.swift in Sources */,
				209F0C047DD6977FA33EF086 /* HelpView.swift in Sources */,
				331D780D57E9D5A2CB2969DA /* HelpViewModel.swift in Sources */,
				1BF5BA6F0C1B1EC68F7F851C /* HomeMiniMapView.swift in Sources */,
				7B9BBEC53DEE1D9539E40245 /* HomeView.swift in Sources */,
				3A2AB350F514DE9C2CBAB16A /* LocationService.swift in Sources */,
				DFBF21BE9BFA3A3E9FC1B730 /* MapViewScreen.swift in Sources */,
				8CCB42C3576493D1D13D0AE1 /* MockData.swift in Sources */,
				F7014BC8E402EBEF438A43C9 /* Muck.swift in Sources */,
				34BFD69DD9FB92C5559C68BF /* MuckCardView.swift in Sources */,
				F58484A156015E6669190F7A /* MuckEvent.swift in Sources */,
				EAAFF076663A850C5D6808BC /* MuckMiniMapView.swift in Sources */,
				222074DF393D3FDE09468072 /* MuckUpApp.swift in Sources */,
				12853CF997870A1D3EC801F9 /* MuckViewModel.swift in Sources */,
				818EB0F5B39E564636091863 /* NearbyEventsSection.swift in Sources */,
				0C32683227A9F89484467B59 /* NotificationService.swift in Sources */,
				117FB8019BE5CC4FD510524F /* OnboardingView.swift in Sources */,
				1ADD6A012E28944AEA17517E /* Partner.swift in Sources */,
				FDAC794A2F0E144659CEFE1A /* PartnerViewModel.swift in Sources */,
				8CD0E54F18E4E2C617B9AD91 /* PhotoPickerButton.swift in Sources */,
				A94B02A979415ACAE475E80E /* PrimaryButton.swift in Sources */,
				4D159D5D63C3E2C48231FA46 /* ProfileView.swift in Sources */,
				A22933096E4ADD0CA76F339A /* RaiseMuckView.swift in Sources */,
				03B70C81FB38E8636867B61B /* RootView.swift in Sources */,
				518CBED455A9BF2EC75C3E73 /* ScheduleEventView.swift in Sources */,
				4D93ABE7B2F224F9DD1B9D2B /* SplashView.swift in Sources */,
				344B7A0F6EA8A59B0214E714 /* StampBadgeView.swift in Sources */,
				6750A6FC845706972947F4D3 /* StorageService.swift in Sources */,
				501FC1672ECFA500A5B3A81D /* TypeBadgeView.swift in Sources */,
				5AE27B81533AAF53FA16B58B /* TypeFilterBar.swift in Sources */,
				EB0D0A13E1C675C022C09EA3 /* User.swift in Sources */,
				03C85A40AE7116FE774578B1 /* ViewMuckView.swift in Sources */,
				D5ACD10D9019DBD60DC01307 /* VoteColumnView.swift in Sources */,
				B901F9D785BBC96FC5853173 /* WaterwaySafetyService.swift in Sources */,
			);
			runOnlyForDeploymentPostprocessing = 0;
		};
/* End PBXSourcesBuildPhase section */

/* Begin XCBuildConfiguration section */
		5D81568B2CDD2447EDFC1C25 /* Release */ = {
			isa = XCBuildConfiguration;
			buildSettings = {
				ALWAYS_SEARCH_USER_PATHS = NO;
				CLANG_ANALYZER_NONNULL = YES;
				CLANG_ANALYZER_NUMBER_OBJECT_CONVERSION = YES_AGGRESSIVE;
				CLANG_CXX_LANGUAGE_STANDARD = "gnu++14";
				CLANG_CXX_LIBRARY = "libc++";
				CLANG_ENABLE_MODULES = YES;
				CLANG_ENABLE_OBJC_ARC = YES;
				CLANG_ENABLE_OBJC_WEAK = YES;
				CLANG_WARN_BLOCK_CAPTURE_AUTORELEASING = YES;
				CLANG_WARN_BOOL_CONVERSION = YES;
				CLANG_WARN_COMMA = YES;
				CLANG_WARN_CONSTANT_CONVERSION = YES;
				CLANG_WARN_DEPRECATED_OBJC_IMPLEMENTATIONS = YES;
				CLANG_WARN_DIRECT_OBJC_ISA_USAGE = YES_ERROR;
				CLANG_WARN_DOCUMENTATION_COMMENTS = YES;
				CLANG_WARN_EMPTY_BODY = YES;
				CLANG_WARN_ENUM_CONVERSION = YES;
				CLANG_WARN_INFINITE_RECURSION = YES;
				CLANG_WARN_INT_CONVERSION = YES;
				CLANG_WARN_NON_LITERAL_NULL_CONVERSION = YES;
				CLANG_WARN_OBJC_IMPLICIT_RETAIN_SELF = YES;
				CLANG_WARN_OBJC_LITERAL_CONVERSION = YES;
				CLANG_WARN_OBJC_ROOT_CLASS = YES_ERROR;
				CLANG_WARN_QUOTED_INCLUDE_IN_FRAMEWORK_HEADER = YES;
				CLANG_WARN_RANGE_LOOP_ANALYSIS = YES;
				CLANG_WARN_STRICT_PROTOTYPES = YES;
				CLANG_WARN_SUSPICIOUS_MOVE = YES;
				CLANG_WARN_UNGUARDED_AVAILABILITY = YES_AGGRESSIVE;
				CLANG_WARN_UNREACHABLE_CODE = YES;
				CLANG_WARN__DUPLICATE_METHOD_MATCH = YES;
				CODE_SIGN_STYLE = Automatic;
				COPY_PHASE_STRIP = NO;
				CURRENT_PROJECT_VERSION = 1;
				DEBUG_INFORMATION_FORMAT = "dwarf-with-dsym";
				DEVELOPMENT_TEAM = L9SAXP2E2W;
				ENABLE_NS_ASSERTIONS = NO;
				ENABLE_STRICT_OBJC_MSGSEND = YES;
				GCC_C_LANGUAGE_STANDARD = gnu11;
				GCC_NO_COMMON_BLOCKS = YES;
				GCC_WARN_64_TO_32_BIT_CONVERSION = YES;
				GCC_WARN_ABOUT_RETURN_TYPE = YES_ERROR;
				GCC_WARN_UNDECLARED_SELECTOR = YES;
				GCC_WARN_UNINITIALIZED_AUTOS = YES_AGGRESSIVE;
				GCC_WARN_UNUSED_FUNCTION = YES;
				GCC_WARN_UNUSED_VARIABLE = YES;
				IPHONEOS_DEPLOYMENT_TARGET = 17.0;
				MARKETING_VERSION = 1.0;
				MTL_ENABLE_DEBUG_INFO = NO;
				MTL_FAST_MATH = YES;
				PRODUCT_BUNDLE_IDENTIFIER = com.daviddef.grub;
				PRODUCT_NAME = "$(TARGET_NAME)";
				SDKROOT = iphoneos;
				SWIFT_COMPILATION_MODE = wholemodule;
				SWIFT_OPTIMIZATION_LEVEL = "-O";
				SWIFT_VERSION = 5.9;
			};
			name = Release;
		};
		7DAAA757EADC33EA741C77F1 /* Debug */ = {
			isa = XCBuildConfiguration;
			buildSettings = {
				ASSETCATALOG_COMPILER_APPICON_NAME = AppIcon;
				CODE_SIGN_ENTITLEMENTS = MuckUp/Grub.entitlements;
				CODE_SIGN_IDENTITY = "iPhone Developer";
				INFOPLIST_FILE = MuckUp/Info.plist;
				IPHONEOS_DEPLOYMENT_TARGET = 17.0;
				LD_RUNPATH_SEARCH_PATHS = (
					"$(inherited)",
					"@executable_path/Frameworks",
				);
				SDKROOT = iphoneos;
				TARGETED_DEVICE_FAMILY = 1;
			};
			name = Debug;
		};
		9DB47CBDD23156F60318796B /* Debug */ = {
			isa = XCBuildConfiguration;
			buildSettings = {
				ALWAYS_SEARCH_USER_PATHS = NO;
				CLANG_ANALYZER_NONNULL = YES;
				CLANG_ANALYZER_NUMBER_OBJECT_CONVERSION = YES_AGGRESSIVE;
				CLANG_CXX_LANGUAGE_STANDARD = "gnu++14";
				CLANG_CXX_LIBRARY = "libc++";
				CLANG_ENABLE_MODULES = YES;
				CLANG_ENABLE_OBJC_ARC = YES;
				CLANG_ENABLE_OBJC_WEAK = YES;
				CLANG_WARN_BLOCK_CAPTURE_AUTORELEASING = YES;
				CLANG_WARN_BOOL_CONVERSION = YES;
				CLANG_WARN_COMMA = YES;
				CLANG_WARN_CONSTANT_CONVERSION = YES;
				CLANG_WARN_DEPRECATED_OBJC_IMPLEMENTATIONS = YES;
				CLANG_WARN_DIRECT_OBJC_ISA_USAGE = YES_ERROR;
				CLANG_WARN_DOCUMENTATION_COMMENTS = YES;
				CLANG_WARN_EMPTY_BODY = YES;
				CLANG_WARN_ENUM_CONVERSION = YES;
				CLANG_WARN_INFINITE_RECURSION = YES;
				CLANG_WARN_INT_CONVERSION = YES;
				CLANG_WARN_NON_LITERAL_NULL_CONVERSION = YES;
				CLANG_WARN_OBJC_IMPLICIT_RETAIN_SELF = YES;
				CLANG_WARN_OBJC_LITERAL_CONVERSION = YES;
				CLANG_WARN_OBJC_ROOT_CLASS = YES_ERROR;
				CLANG_WARN_QUOTED_INCLUDE_IN_FRAMEWORK_HEADER = YES;
				CLANG_WARN_RANGE_LOOP_ANALYSIS = YES;
				CLANG_WARN_STRICT_PROTOTYPES = YES;
				CLANG_WARN_SUSPICIOUS_MOVE = YES;
				CLANG_WARN_UNGUARDED_AVAILABILITY = YES_AGGRESSIVE;
				CLANG_WARN_UNREACHABLE_CODE = YES;
				CLANG_WARN__DUPLICATE_METHOD_MATCH = YES;
				CODE_SIGN_STYLE = Automatic;
				COPY_PHASE_STRIP = NO;
				CURRENT_PROJECT_VERSION = 1;
				DEBUG_INFORMATION_FORMAT = dwarf;
				DEVELOPMENT_TEAM = L9SAXP2E2W;
				ENABLE_STRICT_OBJC_MSGSEND = YES;
				ENABLE_TESTABILITY = YES;
				GCC_C_LANGUAGE_STANDARD = gnu11;
				GCC_DYNAMIC_NO_PIC = NO;
				GCC_NO_COMMON_BLOCKS = YES;
				GCC_OPTIMIZATION_LEVEL = 0;
				GCC_PREPROCESSOR_DEFINITIONS = (
					"$(inherited)",
					"DEBUG=1",
				);
				GCC_WARN_64_TO_32_BIT_CONVERSION = YES;
				GCC_WARN_ABOUT_RETURN_TYPE = YES_ERROR;
				GCC_WARN_UNDECLARED_SELECTOR = YES;
				GCC_WARN_UNINITIALIZED_AUTOS = YES_AGGRESSIVE;
				GCC_WARN_UNUSED_FUNCTION = YES;
				GCC_WARN_UNUSED_VARIABLE = YES;
				IPHONEOS_DEPLOYMENT_TARGET = 17.0;
				MARKETING_VERSION = 1.0;
				MTL_ENABLE_DEBUG_INFO = INCLUDE_SOURCE;
				MTL_FAST_MATH = YES;
				ONLY_ACTIVE_ARCH = YES;
				PRODUCT_BUNDLE_IDENTIFIER = com.daviddef.grub;
				PRODUCT_NAME = "$(TARGET_NAME)";
				SDKROOT = iphoneos;
				SWIFT_ACTIVE_COMPILATION_CONDITIONS = DEBUG;
				SWIFT_OPTIMIZATION_LEVEL = "-Onone";
				SWIFT_VERSION = 5.9;
			};
			name = Debug;
		};
		DF7BB7C9C747EF59320193FF /* Release */ = {
			isa = XCBuildConfiguration;
			buildSettings = {
				ASSETCATALOG_COMPILER_APPICON_NAME = AppIcon;
				CODE_SIGN_ENTITLEMENTS = MuckUp/Grub.entitlements;
				CODE_SIGN_IDENTITY = "iPhone Developer";
				INFOPLIST_FILE = MuckUp/Info.plist;
				IPHONEOS_DEPLOYMENT_TARGET = 17.0;
				LD_RUNPATH_SEARCH_PATHS = (
					"$(inherited)",
					"@executable_path/Frameworks",
				);
				SDKROOT = iphoneos;
				TARGETED_DEVICE_FAMILY = 1;
			};
			name = Release;
		};
/* End XCBuildConfiguration section */

/* Begin XCConfigurationList section */
		34091432C2522B05BDC466AC /* Build configuration list for PBXProject "Grub" */ = {
			isa = XCConfigurationList;
			buildConfigurations = (
				9DB47CBDD23156F60318796B /* Debug */,
				5D81568B2CDD2447EDFC1C25 /* Release */,
			);
			defaultConfigurationIsVisible = 0;
			defaultConfigurationName = Debug;
		};
		7A4A5F4FE5492A90C1A442B6 /* Build configuration list for PBXNativeTarget "Grub" */ = {
			isa = XCConfigurationList;
			buildConfigurations = (
				7DAAA757EADC33EA741C77F1 /* Debug */,
				DF7BB7C9C747EF59320193FF /* Release */,
			);
			defaultConfigurationIsVisible = 0;
			defaultConfigurationName = Debug;
		};
/* End XCConfigurationList section */
	};
	rootObject = F7FF27E6295610017043F8A2 /* Project object */;
}
