// !$*UTF8*$!
{
	archiveVersion = 1;
	classes = {
	};
	objectVersion = 77;
	objects = {

/* Begin PBXBuildFile section */
		01F9CF8281C89C47708AD197 /* TypeBadgeView.swift in Sources */ = {isa = PBXBuildFile; fileRef = DB094D9F457EAE9D30375D19 /* TypeBadgeView.swift */; };
		11488798AE226BE2776C278C /* ContentView.swift in Sources */ = {isa = PBXBuildFile; fileRef = 0E58BC07F2CC555A6E27848D /* ContentView.swift */; };
		2A5DC863432E07A76BFDCE73 /* LocationService.swift in Sources */ = {isa = PBXBuildFile; fileRef = F006CCC94AF5ADA09677B8AB /* LocationService.swift */; };
		2D64407DD20070AAB591EBCB /* Assets.xcassets in Resources */ = {isa = PBXBuildFile; fileRef = E49D801D3041F61D956A3858 /* Assets.xcassets */; };
		2FD0409D914EFFAEB7442616 /* MockData.swift in Sources */ = {isa = PBXBuildFile; fileRef = B3F0F09AFE4DE84F37215A86 /* MockData.swift */; };
		33836FADF371914204C08948 /* ScheduleEventView.swift in Sources */ = {isa = PBXBuildFile; fileRef = 1F8408E4F2ABE83F4AD25A8D /* ScheduleEventView.swift */; };
		34C77E6B1F79330AA76D3F42 /* TypeFilterBar.swift in Sources */ = {isa = PBXBuildFile; fileRef = 3B04728744875B9F3205FFF7 /* TypeFilterBar.swift */; };
		5DB9635941596263A3C98D41 /* MapViewScreen.swift in Sources */ = {isa = PBXBuildFile; fileRef = 326854C8CDAC2249CC36E1C1 /* MapViewScreen.swift */; };
		603C7402C9824060D0212EFF /* ViewMuckView.swift in Sources */ = {isa = PBXBuildFile; fileRef = C1DE2C54EB055C11CF065530 /* ViewMuckView.swift */; };
		6E8C48672CA7698AD15BBECB /* MuckCardView.swift in Sources */ = {isa = PBXBuildFile; fileRef = E3EFB35BA77FDC324FB10348 /* MuckCardView.swift */; };
		75E7D300E1D67E841C27D188 /* MuckViewModel.swift in Sources */ = {isa = PBXBuildFile; fileRef = 8A882A7F08729F1E452FE4CB /* MuckViewModel.swift */; };
		7955E262B17564C16C66C504 /* FindView.swift in Sources */ = {isa = PBXBuildFile; fileRef = 6655FFB00874A3244E55A6FB /* FindView.swift */; };
		7BEF63EE7DEFCDC5C4CAAC60 /* MuckEvent.swift in Sources */ = {isa = PBXBuildFile; fileRef = 98D7FFB2835DD95DF0229918 /* MuckEvent.swift */; };
		7C26E2DE1169203FAB519081 /* PrimaryButton.swift in Sources */ = {isa = PBXBuildFile; fileRef = 4CC77B0E88735D34E0BE4183 /* PrimaryButton.swift */; };
		7E56C6CB236C2797169759CF /* RaiseMuckView.swift in Sources */ = {isa = PBXBuildFile; fileRef = E115ADCBFC7600827FBF686F /* RaiseMuckView.swift */; };
		852DE7C831717AF67DB22035 /* ProfileView.swift in Sources */ = {isa = PBXBuildFile; fileRef = 02BF1D0A5B9BFE2F786E50F1 /* ProfileView.swift */; };
		92FDD608F034A37E93B2E6E9 /* HomeView.swift in Sources */ = {isa = PBXBuildFile; fileRef = 00E5C0CC699276BF021AE9CD /* HomeView.swift */; };
		991434E261EAC58BC078548B /* Partner.swift in Sources */ = {isa = PBXBuildFile; fileRef = A78A80E556C1AB94AC4E4D4B /* Partner.swift */; };
		992F9C557869A019C7C19413 /* Muck.swift in Sources */ = {isa = PBXBuildFile; fileRef = DC866467D61A9F5077D75608 /* Muck.swift */; };
		9E738ECDC03D6DA46317ABBC /* EventViewModel.swift in Sources */ = {isa = PBXBuildFile; fileRef = 69A4149693BB60D366AC740B /* EventViewModel.swift */; };
		A1A97BF4ECB3A8CCA7FF6F19 /* PartnerViewModel.swift in Sources */ = {isa = PBXBuildFile; fileRef = 2DED322FF37402EDE5FF0A74 /* PartnerViewModel.swift */; };
		A4454E818BBFE72E04AE6977 /* StorageService.swift in Sources */ = {isa = PBXBuildFile; fileRef = E8FABEBB6C3F2C1FAB5FAEE8 /* StorageService.swift */; };
		BE96988D076EF5DA71136AF9 /* EventsView.swift in Sources */ = {isa = PBXBuildFile; fileRef = 2B5BBF783CFAC703748A363B /* EventsView.swift */; };
		D6C34B70DED7FCBEA4A80F08 /* User.swift in Sources */ = {isa = PBXBuildFile; fileRef = 4B5516205C75C1B4D6BA3610 /* User.swift */; };
		E3F40A5D2A96A12995D2708B /* MuckUpApp.swift in Sources */ = {isa = PBXBuildFile; fileRef = 5AA334DAAB249700A5025CAF /* MuckUpApp.swift */; };
		E7054D162B5B6F957C88932F /* VoteColumnView.swift in Sources */ = {isa = PBXBuildFile; fileRef = AAFE31D5878DA2FDB13BFF6D /* VoteColumnView.swift */; };
		F326489C9EDC67B443845317 /* DesignTokens.swift in Sources */ = {isa = PBXBuildFile; fileRef = FAD985D6644BF6E96D1590B6 /* DesignTokens.swift */; };
/* End PBXBuildFile section */

/* Begin PBXFileReference section */
		00E5C0CC699276BF021AE9CD /* HomeView.swift */ = {isa = PBXFileReference; lastKnownFileType = sourcecode.swift; path = HomeView.swift; sourceTree = "<group>"; };
		0231A542FD787EA709BCB79D /* MuckUp.app */ = {isa = PBXFileReference; includeInIndex = 0; lastKnownFileType = wrapper.application; path = MuckUp.app; sourceTree = BUILT_PRODUCTS_DIR; };
		02BF1D0A5B9BFE2F786E50F1 /* ProfileView.swift */ = {isa = PBXFileReference; lastKnownFileType = sourcecode.swift; path = ProfileView.swift; sourceTree = "<group>"; };
		0E58BC07F2CC555A6E27848D /* ContentView.swift */ = {isa = PBXFileReference; lastKnownFileType = sourcecode.swift; path = ContentView.swift; sourceTree = "<group>"; };
		1F8408E4F2ABE83F4AD25A8D /* ScheduleEventView.swift */ = {isa = PBXFileReference; lastKnownFileType = sourcecode.swift; path = ScheduleEventView.swift; sourceTree = "<group>"; };
		2B5BBF783CFAC703748A363B /* EventsView.swift */ = {isa = PBXFileReference; lastKnownFileType = sourcecode.swift; path = EventsView.swift; sourceTree = "<group>"; };
		2DED322FF37402EDE5FF0A74 /* PartnerViewModel.swift */ = {isa = PBXFileReference; lastKnownFileType = sourcecode.swift; path = PartnerViewModel.swift; sourceTree = "<group>"; };
		326854C8CDAC2249CC36E1C1 /* MapViewScreen.swift */ = {isa = PBXFileReference; lastKnownFileType = sourcecode.swift; path = MapViewScreen.swift; sourceTree = "<group>"; };
		3B04728744875B9F3205FFF7 /* TypeFilterBar.swift */ = {isa = PBXFileReference; lastKnownFileType = sourcecode.swift; path = TypeFilterBar.swift; sourceTree = "<group>"; };
		4B5516205C75C1B4D6BA3610 /* User.swift */ = {isa = PBXFileReference; lastKnownFileType = sourcecode.swift; path = User.swift; sourceTree = "<group>"; };
		4CC77B0E88735D34E0BE4183 /* PrimaryButton.swift */ = {isa = PBXFileReference; lastKnownFileType = sourcecode.swift; path = PrimaryButton.swift; sourceTree = "<group>"; };
		5AA334DAAB249700A5025CAF /* MuckUpApp.swift */ = {isa = PBXFileReference; lastKnownFileType = sourcecode.swift; path = MuckUpApp.swift; sourceTree = "<group>"; };
		6655FFB00874A3244E55A6FB /* FindView.swift */ = {isa = PBXFileReference; lastKnownFileType = sourcecode.swift; path = FindView.swift; sourceTree = "<group>"; };
		69A4149693BB60D366AC740B /* EventViewModel.swift */ = {isa = PBXFileReference; lastKnownFileType = sourcecode.swift; path = EventViewModel.swift; sourceTree = "<group>"; };
		8A882A7F08729F1E452FE4CB /* MuckViewModel.swift */ = {isa = PBXFileReference; lastKnownFileType = sourcecode.swift; path = MuckViewModel.swift; sourceTree = "<group>"; };
		98D7FFB2835DD95DF0229918 /* MuckEvent.swift */ = {isa = PBXFileReference; lastKnownFileType = sourcecode.swift; path = MuckEvent.swift; sourceTree = "<group>"; };
		A78A80E556C1AB94AC4E4D4B /* Partner.swift */ = {isa = PBXFileReference; lastKnownFileType = sourcecode.swift; path = Partner.swift; sourceTree = "<group>"; };
		AAFE31D5878DA2FDB13BFF6D /* VoteColumnView.swift */ = {isa = PBXFileReference; lastKnownFileType = sourcecode.swift; path = VoteColumnView.swift; sourceTree = "<group>"; };
		B3F0F09AFE4DE84F37215A86 /* MockData.swift */ = {isa = PBXFileReference; lastKnownFileType = sourcecode.swift; path = MockData.swift; sourceTree = "<group>"; };
		C1DE2C54EB055C11CF065530 /* ViewMuckView.swift */ = {isa = PBXFileReference; lastKnownFileType = sourcecode.swift; path = ViewMuckView.swift; sourceTree = "<group>"; };
		DB094D9F457EAE9D30375D19 /* TypeBadgeView.swift */ = {isa = PBXFileReference; lastKnownFileType = sourcecode.swift; path = TypeBadgeView.swift; sourceTree = "<group>"; };
		DC866467D61A9F5077D75608 /* Muck.swift */ = {isa = PBXFileReference; lastKnownFileType = sourcecode.swift; path = Muck.swift; sourceTree = "<group>"; };
		E115ADCBFC7600827FBF686F /* RaiseMuckView.swift */ = {isa = PBXFileReference; lastKnownFileType = sourcecode.swift; path = RaiseMuckView.swift; sourceTree = "<group>"; };
		E3EFB35BA77FDC324FB10348 /* MuckCardView.swift */ = {isa = PBXFileReference; lastKnownFileType = sourcecode.swift; path = MuckCardView.swift; sourceTree = "<group>"; };
		E49D801D3041F61D956A3858 /* Assets.xcassets */ = {isa = PBXFileReference; lastKnownFileType = folder.assetcatalog; path = Assets.xcassets; sourceTree = "<group>"; };
		E8FABEBB6C3F2C1FAB5FAEE8 /* StorageService.swift */ = {isa = PBXFileReference; lastKnownFileType = sourcecode.swift; path = StorageService.swift; sourceTree = "<group>"; };
		F006CCC94AF5ADA09677B8AB /* LocationService.swift */ = {isa = PBXFileReference; lastKnownFileType = sourcecode.swift; path = LocationService.swift; sourceTree = "<group>"; };
		F34FB5F15E153651628B7F58 /* Info.plist */ = {isa = PBXFileReference; lastKnownFileType = text.plist; path = Info.plist; sourceTree = "<group>"; };
		FAD985D6644BF6E96D1590B6 /* DesignTokens.swift */ = {isa = PBXFileReference; lastKnownFileType = sourcecode.swift; path = DesignTokens.swift; sourceTree = "<group>"; };
/* End PBXFileReference section */

/* Begin PBXGroup section */
		2B0D2EF3BFB506708BFA5FA7 = {
			isa = PBXGroup;
			children = (
				BA00BDD840A136C9EE644560 /* MuckUp */,
				9F53367A4C902BE51849BCF7 /* Products */,
			);
			sourceTree = "<group>";
		};
		31440C186260A8DCF763CE1A /* Profile */ = {
			isa = PBXGroup;
			children = (
				02BF1D0A5B9BFE2F786E50F1 /* ProfileView.swift */,
			);
			path = Profile;
			sourceTree = "<group>";
		};
		42444B21FB266FD8338A0D37 /* ViewModels */ = {
			isa = PBXGroup;
			children = (
				69A4149693BB60D366AC740B /* EventViewModel.swift */,
				8A882A7F08729F1E452FE4CB /* MuckViewModel.swift */,
				2DED322FF37402EDE5FF0A74 /* PartnerViewModel.swift */,
			);
			path = ViewModels;
			sourceTree = "<group>";
		};
		44FF2911F78840AEC309C951 /* Home */ = {
			isa = PBXGroup;
			children = (
				00E5C0CC699276BF021AE9CD /* HomeView.swift */,
				E3EFB35BA77FDC324FB10348 /* MuckCardView.swift */,
			);
			path = Home;
			sourceTree = "<group>";
		};
		5F573D1F862394006A3784C0 /* Resources */ = {
			isa = PBXGroup;
			children = (
				E49D801D3041F61D956A3858 /* Assets.xcassets */,
			);
			path = Resources;
			sourceTree = "<group>";
		};
		656BCC06941AFAEE2E5CF8E8 /* App */ = {
			isa = PBXGroup;
			children = (
				0E58BC07F2CC555A6E27848D /* ContentView.swift */,
				5AA334DAAB249700A5025CAF /* MuckUpApp.swift */,
			);
			path = App;
			sourceTree = "<group>";
		};
		66E743D6750F585E4A924C41 /* RaiseMuck */ = {
			isa = PBXGroup;
			children = (
				E115ADCBFC7600827FBF686F /* RaiseMuckView.swift */,
			);
			path = RaiseMuck;
			sourceTree = "<group>";
		};
		8B53F306578B7397538F8B63 /* ViewMuck */ = {
			isa = PBXGroup;
			children = (
				C1DE2C54EB055C11CF065530 /* ViewMuckView.swift */,
			);
			path = ViewMuck;
			sourceTree = "<group>";
		};
		95D280CA1B21272A5C1A25D8 /* Find */ = {
			isa = PBXGroup;
			children = (
				6655FFB00874A3244E55A6FB /* FindView.swift */,
			);
			path = Find;
			sourceTree = "<group>";
		};
		9F53367A4C902BE51849BCF7 /* Products */ = {
			isa = PBXGroup;
			children = (
				0231A542FD787EA709BCB79D /* MuckUp.app */,
			);
			name = Products;
			sourceTree = "<group>";
		};
		B1D8287E1DD7AFA4C559467F /* Shared */ = {
			isa = PBXGroup;
			children = (
				4CC77B0E88735D34E0BE4183 /* PrimaryButton.swift */,
				DB094D9F457EAE9D30375D19 /* TypeBadgeView.swift */,
				3B04728744875B9F3205FFF7 /* TypeFilterBar.swift */,
				AAFE31D5878DA2FDB13BFF6D /* VoteColumnView.swift */,
			);
			path = Shared;
			sourceTree = "<group>";
		};
		B8C5E797807AF236A1243F03 /* Map */ = {
			isa = PBXGroup;
			children = (
				326854C8CDAC2249CC36E1C1 /* MapViewScreen.swift */,
			);
			path = Map;
			sourceTree = "<group>";
		};
		BA00BDD840A136C9EE644560 /* MuckUp */ = {
			isa = PBXGroup;
			children = (
				F34FB5F15E153651628B7F58 /* Info.plist */,
				656BCC06941AFAEE2E5CF8E8 /* App */,
				C1E29A803F9AF92A0F282DA1 /* Design */,
				EAEE4B7055C887ECB3FC32D6 /* Mock */,
				DD502E46BF6E86606E019817 /* Models */,
				5F573D1F862394006A3784C0 /* Resources */,
				ED0B15EFD9CA8275B2D32A09 /* Services */,
				42444B21FB266FD8338A0D37 /* ViewModels */,
				F3F55A28C30DDA87C5B9277E /* Views */,
			);
			path = MuckUp;
			sourceTree = "<group>";
		};
		C1E29A803F9AF92A0F282DA1 /* Design */ = {
			isa = PBXGroup;
			children = (
				FAD985D6644BF6E96D1590B6 /* DesignTokens.swift */,
			);
			path = Design;
			sourceTree = "<group>";
		};
		C6F311E1A41F08F1196433AF /* Events */ = {
			isa = PBXGroup;
			children = (
				2B5BBF783CFAC703748A363B /* EventsView.swift */,
				1F8408E4F2ABE83F4AD25A8D /* ScheduleEventView.swift */,
			);
			path = Events;
			sourceTree = "<group>";
		};
		DD502E46BF6E86606E019817 /* Models */ = {
			isa = PBXGroup;
			children = (
				DC866467D61A9F5077D75608 /* Muck.swift */,
				98D7FFB2835DD95DF0229918 /* MuckEvent.swift */,
				A78A80E556C1AB94AC4E4D4B /* Partner.swift */,
				4B5516205C75C1B4D6BA3610 /* User.swift */,
			);
			path = Models;
			sourceTree = "<group>";
		};
		EAEE4B7055C887ECB3FC32D6 /* Mock */ = {
			isa = PBXGroup;
			children = (
				B3F0F09AFE4DE84F37215A86 /* MockData.swift */,
			);
			path = Mock;
			sourceTree = "<group>";
		};
		ED0B15EFD9CA8275B2D32A09 /* Services */ = {
			isa = PBXGroup;
			children = (
				F006CCC94AF5ADA09677B8AB /* LocationService.swift */,
				E8FABEBB6C3F2C1FAB5FAEE8 /* StorageService.swift */,
			);
			path = Services;
			sourceTree = "<group>";
		};
		F3F55A28C30DDA87C5B9277E /* Views */ = {
			isa = PBXGroup;
			children = (
				C6F311E1A41F08F1196433AF /* Events */,
				95D280CA1B21272A5C1A25D8 /* Find */,
				44FF2911F78840AEC309C951 /* Home */,
				B8C5E797807AF236A1243F03 /* Map */,
				31440C186260A8DCF763CE1A /* Profile */,
				66E743D6750F585E4A924C41 /* RaiseMuck */,
				B1D8287E1DD7AFA4C559467F /* Shared */,
				8B53F306578B7397538F8B63 /* ViewMuck */,
			);
			path = Views;
			sourceTree = "<group>";
		};
/* End PBXGroup section */

/* Begin PBXNativeTarget section */
		A2EAED8B3138F72536AFCD22 /* MuckUp */ = {
			isa = PBXNativeTarget;
			buildConfigurationList = C2A03598E69B85F47240ACA6 /* Build configuration list for PBXNativeTarget "MuckUp" */;
			buildPhases = (
				A7A3143A7B52B16F62FD015A /* Sources */,
				66DA27B0A1FB53086FE6F53A /* Resources */,
			);
			buildRules = (
			);
			dependencies = (
			);
			name = MuckUp;
			packageProductDependencies = (
			);
			productName = MuckUp;
			productReference = 0231A542FD787EA709BCB79D /* MuckUp.app */;
			productType = "com.apple.product-type.application";
		};
/* End PBXNativeTarget section */

/* Begin PBXProject section */
		84762345E61909AB962CE72D /* Project object */ = {
			isa = PBXProject;
			attributes = {
				BuildIndependentTargetsInParallel = YES;
				LastUpgradeCheck = 1500;
				TargetAttributes = {
					A2EAED8B3138F72536AFCD22 = {
						DevelopmentTeam = "";
					};
				};
			};
			buildConfigurationList = 45498EF24FF7A4BECFFBB608 /* Build configuration list for PBXProject "MuckUp" */;
			developmentRegion = en;
			hasScannedForEncodings = 0;
			knownRegions = (
				Base,
				en,
			);
			mainGroup = 2B0D2EF3BFB506708BFA5FA7;
			minimizedProjectReferenceProxies = 1;
			preferredProjectObjectVersion = 77;
			productRefGroup = 9F53367A4C902BE51849BCF7 /* Products */;
			projectDirPath = "";
			projectRoot = "";
			targets = (
				A2EAED8B3138F72536AFCD22 /* MuckUp */,
			);
		};
/* End PBXProject section */

/* Begin PBXResourcesBuildPhase section */
		66DA27B0A1FB53086FE6F53A /* Resources */ = {
			isa = PBXResourcesBuildPhase;
			buildActionMask = 2147483647;
			files = (
				2D64407DD20070AAB591EBCB /* Assets.xcassets in Resources */,
			);
			runOnlyForDeploymentPostprocessing = 0;
		};
/* End PBXResourcesBuildPhase section */

/* Begin PBXSourcesBuildPhase section */
		A7A3143A7B52B16F62FD015A /* Sources */ = {
			isa = PBXSourcesBuildPhase;
			buildActionMask = 2147483647;
			files = (
				11488798AE226BE2776C278C /* ContentView.swift in Sources */,
				F326489C9EDC67B443845317 /* DesignTokens.swift in Sources */,
				9E738ECDC03D6DA46317ABBC /* EventViewModel.swift in Sources */,
				BE96988D076EF5DA71136AF9 /* EventsView.swift in Sources */,
				7955E262B17564C16C66C504 /* FindView.swift in Sources */,
				92FDD608F034A37E93B2E6E9 /* HomeView.swift in Sources */,
				2A5DC863432E07A76BFDCE73 /* LocationService.swift in Sources */,
				5DB9635941596263A3C98D41 /* MapViewScreen.swift in Sources */,
				2FD0409D914EFFAEB7442616 /* MockData.swift in Sources */,
				992F9C557869A019C7C19413 /* Muck.swift in Sources */,
				6E8C48672CA7698AD15BBECB /* MuckCardView.swift in Sources */,
				7BEF63EE7DEFCDC5C4CAAC60 /* MuckEvent.swift in Sources */,
				E3F40A5D2A96A12995D2708B /* MuckUpApp.swift in Sources */,
				75E7D300E1D67E841C27D188 /* MuckViewModel.swift in Sources */,
				991434E261EAC58BC078548B /* Partner.swift in Sources */,
				A1A97BF4ECB3A8CCA7FF6F19 /* PartnerViewModel.swift in Sources */,
				7C26E2DE1169203FAB519081 /* PrimaryButton.swift in Sources */,
				852DE7C831717AF67DB22035 /* ProfileView.swift in Sources */,
				7E56C6CB236C2797169759CF /* RaiseMuckView.swift in Sources */,
				33836FADF371914204C08948 /* ScheduleEventView.swift in Sources */,
				A4454E818BBFE72E04AE6977 /* StorageService.swift in Sources */,
				01F9CF8281C89C47708AD197 /* TypeBadgeView.swift in Sources */,
				34C77E6B1F79330AA76D3F42 /* TypeFilterBar.swift in Sources */,
				D6C34B70DED7FCBEA4A80F08 /* User.swift in Sources */,
				603C7402C9824060D0212EFF /* ViewMuckView.swift in Sources */,
				E7054D162B5B6F957C88932F /* VoteColumnView.swift in Sources */,
			);
			runOnlyForDeploymentPostprocessing = 0;
		};
/* End PBXSourcesBuildPhase section */

/* Begin XCBuildConfiguration section */
		25A57D906506CEB1D224DA62 /* Debug */ = {
			isa = XCBuildConfiguration;
			buildSettings = {
				ASSETCATALOG_COMPILER_APPICON_NAME = AppIcon;
				CODE_SIGN_IDENTITY = "iPhone Developer";
				INFOPLIST_FILE = MuckUp/Info.plist;
				IPHONEOS_DEPLOYMENT_TARGET = 17.0;
				LD_RUNPATH_SEARCH_PATHS = (
					"$(inherited)",
					"@executable_path/Frameworks",
				);
				SDKROOT = iphoneos;
				TARGETED_DEVICE_FAMILY = "1,2";
			};
			name = Debug;
		};
		3720C4539AE30B41E9CDEA0C /* Release */ = {
			isa = XCBuildConfiguration;
			buildSettings = {
				ALWAYS_SEARCH_USER_PATHS = NO;
				CLANG_ANALYZER_NONNULL = YES;
				CLANG_ANALYZER_NUMBER_OBJECT_CONVERSION = YES_AGGRESSIVE;
				CLANG_CXX_LANGUAGE_STANDARD = "gnu++14";
				CLANG_CXX_LIBRARY = "libc++";
				CLANG_ENABLE_MODULES = YES;
				CLANG_ENABLE_OBJC_ARC = YES;
				CLANG_ENABLE_OBJC_WEAK = YES;
				CLANG_WARN_BLOCK_CAPTURE_AUTORELEASING = YES;
				CLANG_WARN_BOOL_CONVERSION = YES;
				CLANG_WARN_COMMA = YES;
				CLANG_WARN_CONSTANT_CONVERSION = YES;
				CLANG_WARN_DEPRECATED_OBJC_IMPLEMENTATIONS = YES;
				CLANG_WARN_DIRECT_OBJC_ISA_USAGE = YES_ERROR;
				CLANG_WARN_DOCUMENTATION_COMMENTS = YES;
				CLANG_WARN_EMPTY_BODY = YES;
				CLANG_WARN_ENUM_CONVERSION = YES;
				CLANG_WARN_INFINITE_RECURSION = YES;
				CLANG_WARN_INT_CONVERSION = YES;
				CLANG_WARN_NON_LITERAL_NULL_CONVERSION = YES;
				CLANG_WARN_OBJC_IMPLICIT_RETAIN_SELF = YES;
				CLANG_WARN_OBJC_LITERAL_CONVERSION = YES;
				CLANG_WARN_OBJC_ROOT_CLASS = YES_ERROR;
				CLANG_WARN_QUOTED_INCLUDE_IN_FRAMEWORK_HEADER = YES;
				CLANG_WARN_RANGE_LOOP_ANALYSIS = YES;
				CLANG_WARN_STRICT_PROTOTYPES = YES;
				CLANG_WARN_SUSPICIOUS_MOVE = YES;
				CLANG_WARN_UNGUARDED_AVAILABILITY = YES_AGGRESSIVE;
				CLANG_WARN_UNREACHABLE_CODE = YES;
				CLANG_WARN__DUPLICATE_METHOD_MATCH = YES;
				COPY_PHASE_STRIP = NO;
				CURRENT_PROJECT_VERSION = 1;
				DEBUG_INFORMATION_FORMAT = "dwarf-with-dsym";
				DEVELOPMENT_TEAM = "";
				ENABLE_NS_ASSERTIONS = NO;
				ENABLE_STRICT_OBJC_MSGSEND = YES;
				GCC_C_LANGUAGE_STANDARD = gnu11;
				GCC_NO_COMMON_BLOCKS = YES;
				GCC_WARN_64_TO_32_BIT_CONVERSION = YES;
				GCC_WARN_ABOUT_RETURN_TYPE = YES_ERROR;
				GCC_WARN_UNDECLARED_SELECTOR = YES;
				GCC_WARN_UNINITIALIZED_AUTOS = YES_AGGRESSIVE;
				GCC_WARN_UNUSED_FUNCTION = YES;
				GCC_WARN_UNUSED_VARIABLE = YES;
				IPHONEOS_DEPLOYMENT_TARGET = 17.0;
				MARKETING_VERSION = 1.0;
				MTL_ENABLE_DEBUG_INFO = NO;
				MTL_FAST_MATH = YES;
				PRODUCT_BUNDLE_IDENTIFIER = com.muckup.app;
				PRODUCT_NAME = "$(TARGET_NAME)";
				SDKROOT = iphoneos;
				SWIFT_COMPILATION_MODE = wholemodule;
				SWIFT_OPTIMIZATION_LEVEL = "-O";
				SWIFT_VERSION = 5.9;
			};
			name = Release;
		};
		531B4D1B1DB4FC462879FD8C /* Debug */ = {
			isa = XCBuildConfiguration;
			buildSettings = {
				ALWAYS_SEARCH_USER_PATHS = NO;
				CLANG_ANALYZER_NONNULL = YES;
				CLANG_ANALYZER_NUMBER_OBJECT_CONVERSION = YES_AGGRESSIVE;
				CLANG_CXX_LANGUAGE_STANDARD = "gnu++14";
				CLANG_CXX_LIBRARY = "libc++";
				CLANG_ENABLE_MODULES = YES;
				CLANG_ENABLE_OBJC_ARC = YES;
				CLANG_ENABLE_OBJC_WEAK = YES;
				CLANG_WARN_BLOCK_CAPTURE_AUTORELEASING = YES;
				CLANG_WARN_BOOL_CONVERSION = YES;
				CLANG_WARN_COMMA = YES;
				CLANG_WARN_CONSTANT_CONVERSION = YES;
				CLANG_WARN_DEPRECATED_OBJC_IMPLEMENTATIONS = YES;
				CLANG_WARN_DIRECT_OBJC_ISA_USAGE = YES_ERROR;
				CLANG_WARN_DOCUMENTATION_COMMENTS = YES;
				CLANG_WARN_EMPTY_BODY = YES;
				CLANG_WARN_ENUM_CONVERSION = YES;
				CLANG_WARN_INFINITE_RECURSION = YES;
				CLANG_WARN_INT_CONVERSION = YES;
				CLANG_WARN_NON_LITERAL_NULL_CONVERSION = YES;
				CLANG_WARN_OBJC_IMPLICIT_RETAIN_SELF = YES;
				CLANG_WARN_OBJC_LITERAL_CONVERSION = YES;
				CLANG_WARN_OBJC_ROOT_CLASS = YES_ERROR;
				CLANG_WARN_QUOTED_INCLUDE_IN_FRAMEWORK_HEADER = YES;
				CLANG_WARN_RANGE_LOOP_ANALYSIS = YES;
				CLANG_WARN_STRICT_PROTOTYPES = YES;
				CLANG_WARN_SUSPICIOUS_MOVE = YES;
				CLANG_WARN_UNGUARDED_AVAILABILITY = YES_AGGRESSIVE;
				CLANG_WARN_UNREACHABLE_CODE = YES;
				CLANG_WARN__DUPLICATE_METHOD_MATCH = YES;
				COPY_PHASE_STRIP = NO;
				CURRENT_PROJECT_VERSION = 1;
				DEBUG_INFORMATION_FORMAT = dwarf;
				DEVELOPMENT_TEAM = "";
				ENABLE_STRICT_OBJC_MSGSEND = YES;
				ENABLE_TESTABILITY = YES;
				GCC_C_LANGUAGE_STANDARD = gnu11;
				GCC_DYNAMIC_NO_PIC = NO;
				GCC_NO_COMMON_BLOCKS = YES;
				GCC_OPTIMIZATION_LEVEL = 0;
				GCC_PREPROCESSOR_DEFINITIONS = (
					"$(inherited)",
					"DEBUG=1",
				);
				GCC_WARN_64_TO_32_BIT_CONVERSION = YES;
				GCC_WARN_ABOUT_RETURN_TYPE = YES_ERROR;
				GCC_WARN_UNDECLARED_SELECTOR = YES;
				GCC_WARN_UNINITIALIZED_AUTOS = YES_AGGRESSIVE;
				GCC_WARN_UNUSED_FUNCTION = YES;
				GCC_WARN_UNUSED_VARIABLE = YES;
				IPHONEOS_DEPLOYMENT_TARGET = 17.0;
				MARKETING_VERSION = 1.0;
				MTL_ENABLE_DEBUG_INFO = INCLUDE_SOURCE;
				MTL_FAST_MATH = YES;
				ONLY_ACTIVE_ARCH = YES;
				PRODUCT_BUNDLE_IDENTIFIER = com.muckup.app;
				PRODUCT_NAME = "$(TARGET_NAME)";
				SDKROOT = iphoneos;
				SWIFT_ACTIVE_COMPILATION_CONDITIONS = DEBUG;
				SWIFT_OPTIMIZATION_LEVEL = "-Onone";
				SWIFT_VERSION = 5.9;
			};
			name = Debug;
		};
		757C176E26EE3B56F981693C /* Release */ = {
			isa = XCBuildConfiguration;
			buildSettings = {
				ASSETCATALOG_COMPILER_APPICON_NAME = AppIcon;
				CODE_SIGN_IDENTITY = "iPhone Developer";
				INFOPLIST_FILE = MuckUp/Info.plist;
				IPHONEOS_DEPLOYMENT_TARGET = 17.0;
				LD_RUNPATH_SEARCH_PATHS = (
					"$(inherited)",
					"@executable_path/Frameworks",
				);
				SDKROOT = iphoneos;
				TARGETED_DEVICE_FAMILY = "1,2";
			};
			name = Release;
		};
/* End XCBuildConfiguration section */

/* Begin XCConfigurationList section */
		45498EF24FF7A4BECFFBB608 /* Build configuration list for PBXProject "MuckUp" */ = {
			isa = XCConfigurationList;
			buildConfigurations = (
				531B4D1B1DB4FC462879FD8C /* Debug */,
				3720C4539AE30B41E9CDEA0C /* Release */,
			);
			defaultConfigurationIsVisible = 0;
			defaultConfigurationName = Debug;
		};
		C2A03598E69B85F47240ACA6 /* Build configuration list for PBXNativeTarget "MuckUp" */ = {
			isa = XCConfigurationList;
			buildConfigurations = (
				25A57D906506CEB1D224DA62 /* Debug */,
				757C176E26EE3B56F981693C /* Release */,
			);
			defaultConfigurationIsVisible = 0;
			defaultConfigurationName = Debug;
		};
/* End XCConfigurationList section */
	};
	rootObject = 84762345E61909AB962CE72D /* Project object */;
}
